
Microsoft Visual Studio Solution File, Format Version 12.00
# Visual Studio Version 16
VisualStudioVersion = 16.0.31624.102
MinimumVisualStudioVersion = 10.0.40219.1
Project("{FAE04EC0-301F-11D3-BF4B-00C04F79EFBC}") = "Todoproject", "Todoproject\Todoproject.csproj", "{ADFB4A43-4F2A-45A3-BBDE-D7B013945F0F}"
EndProject
Global
	GlobalSection(SolutionConfigurationPlatforms) = preSolution
		Debug|Any CPU = Debug|Any CPU
		Release|Any CPU = Release|Any CPU
	EndGlobalSection
	GlobalSection(ProjectConfigurationPlatforms) = postSolution
		{ADFB4A43-4F2A-45A3-BBDE-D7B013945F0F}.Debug|Any CPU.ActiveCfg = Debug|Any CPU
		{ADFB4A43-4F2A-45A3-BBDE-D7B013945F0F}.Debug|Any CPU.Build.0 = Debug|Any CPU
		{ADFB4A43-4F2A-45A3-BBDE-D7B013945F0F}.Release|Any CPU.ActiveCfg = Release|Any CPU
		{ADFB4A43-4F2A-45A3-BBDE-D7B013945F0F}.Release|Any CPU.Build.0 = Release|Any CPU
	EndGlobalSection
	GlobalSection(SolutionProperties) = preSolution
		HideSolutionNode = FALSE
	EndGlobalSection
	GlobalSection(ExtensibilityGlobals) = postSolution
		SolutionGuid = {8F5E759F-1AEB-46F6-AB37-EA9163F8CC20}
	EndGlobalSection
EndGlobal
